// !$*UTF8*$!
{
	archiveVersion = 1;
	classes = {
	};
	objectVersion = 46;
	objects = {

/* Begin PBXBuildFile section */
		E2B3759B1B2CF39B000C9481 /* AppDelegate.swift in Sources */ = {isa = PBXBuildFile; fileRef = E2B3759A1B2CF39B000C9481 /* AppDelegate.swift */; };
		E2B375A21B2CF39B000C9481 /* Images.xcassets in Resources */ = {isa = PBXBuildFile; fileRef = E2B375A11B2CF39B000C9481 /* Images.xcassets */; };
		E2B375B11B2CF39B000C9481 /* simpleFreeboxRemoteControllerTests.swift in Sources */ = {isa = PBXBuildFile; fileRef = E2B375B01B2CF39B000C9481 /* simpleFreeboxRemoteControllerTests.swift */; };
		E2B375BC1B2CF3CF000C9481 /* LaunchScreen.xib in Resources */ = {isa = PBXBuildFile; fileRef = E2B375BA1B2CF3CF000C9481 /* LaunchScreen.xib */; };
		E2B375BD1B2CF3CF000C9481 /* Main.storyboard in Resources */ = {isa = PBXBuildFile; fileRef = E2B375BB1B2CF3CF000C9481 /* Main.storyboard */; };
		E2B375BF1B2CF3DF000C9481 /* ViewController.swift in Sources */ = {isa = PBXBuildFile; fileRef = E2B375BE1B2CF3DF000C9481 /* ViewController.swift */; };
		E2B375C21B2CF3F8000C9481 /* FreeboxTVController.swift in Sources */ = {isa = PBXBuildFile; fileRef = E2B375C11B2CF3F8000C9481 /* FreeboxTVController.swift */; };
		E2B375C51B2CF42C000C9481 /* move_to_previous.png in Resources */ = {isa = PBXBuildFile; fileRef = E2B375C31B2CF42C000C9481 /* move_to_previous.png */; };
		E2B375C61B2CF42C000C9481 /* Move_to_the_next_page_symbol_512.png in Resources */ = {isa = PBXBuildFile; fileRef = E2B375C41B2CF42C000C9481 /* Move_to_the_next_page_symbol_512.png */; };
		E2B375CA1B2CF5A2000C9481 /* Info.plist in Resources */ = {isa = PBXBuildFile; fileRef = E2B375C91B2CF5A2000C9481 /* Info.plist */; };
/* End PBXBuildFile section */

/* Begin PBXContainerItemProxy section */
		E2B375AB1B2CF39B000C9481 /* PBXContainerItemProxy */ = {
			isa = PBXContainerItemProxy;
			containerPortal = E2B3758D1B2CF39B000C9481 /* Project object */;
			proxyType = 1;
			remoteGlobalIDString = E2B375941B2CF39B000C9481;
			remoteInfo = simpleFreeboxRemoteController;
		};
/* End PBXContainerItemProxy section */

/* Begin PBXFileReference section */
		E2B375951B2CF39B000C9481 /* simpleFreeboxRemoteController.app */ = {isa = PBXFileReference; explicitFileType = wrapper.application; includeInIndex = 0; path = simpleFreeboxRemoteController.app; sourceTree = BUILT_PRODUCTS_DIR; };
		E2B3759A1B2CF39B000C9481 /* AppDelegate.swift */ = {isa = PBXFileReference; lastKnownFileType = sourcecode.swift; path = AppDelegate.swift; sourceTree = "<group>"; };
		E2B375A11B2CF39B000C9481 /* Images.xcassets */ = {isa = PBXFileReference; lastKnownFileType = folder.assetcatalog; path = Images.xcassets; sourceTree = "<group>"; };
		E2B375AA1B2CF39B000C9481 /* simpleFreeboxRemoteControllerTests.xctest */ = {isa = PBXFileReference; explicitFileType = wrapper.cfbundle; includeInIndex = 0; path = simpleFreeboxRemoteControllerTests.xctest; sourceTree = BUILT_PRODUCTS_DIR; };
		E2B375AF1B2CF39B000C9481 /* Info.plist */ = {isa = PBXFileReference; lastKnownFileType = text.plist.xml; path = Info.plist; sourceTree = "<group>"; };
		E2B375B01B2CF39B000C9481 /* simpleFreeboxRemoteControllerTests.swift */ = {isa = PBXFileReference; lastKnownFileType = sourcecode.swift; path = simpleFreeboxRemoteControllerTests.swift; sourceTree = "<group>"; };
		E2B375BA1B2CF3CF000C9481 /* LaunchScreen.xib */ = {isa = PBXFileReference; fileEncoding = 4; lastKnownFileType = file.xib; path = LaunchScreen.xib; sourceTree = "<group>"; };
		E2B375BB1B2CF3CF000C9481 /* Main.storyboard */ = {isa = PBXFileReference; fileEncoding = 4; lastKnownFileType = file.storyboard; path = Main.storyboard; sourceTree = "<group>"; };
		E2B375BE1B2CF3DF000C9481 /* ViewController.swift */ = {isa = PBXFileReference; fileEncoding = 4; lastKnownFileType = sourcecode.swift; path = ViewController.swift; sourceTree = "<group>"; };
		E2B375C11B2CF3F8000C9481 /* FreeboxTVController.swift */ = {isa = PBXFileReference; fileEncoding = 4; lastKnownFileType = sourcecode.swift; path = FreeboxTVController.swift; sourceTree = "<group>"; };
		E2B375C31B2CF42C000C9481 /* move_to_previous.png */ = {isa = PBXFileReference; lastKnownFileType = image.png; path = move_to_previous.png; sourceTree = "<group>"; };
		E2B375C41B2CF42C000C9481 /* Move_to_the_next_page_symbol_512.png */ = {isa = PBXFileReference; lastKnownFileType = image.png; path = Move_to_the_next_page_symbol_512.png; sourceTree = "<group>"; };
		E2B375C91B2CF5A2000C9481 /* Info.plist */ = {isa = PBXFileReference; fileEncoding = 4; lastKnownFileType = text.plist.xml; path = Info.plist; sourceTree = "<group>"; };
/* End PBXFileReference section */

/* Begin PBXFrameworksBuildPhase section */
		E2B375921B2CF39B000C9481 /* Frameworks */ = {
			isa = PBXFrameworksBuildPhase;
			buildActionMask = 2147483647;
			files = (
			);
			runOnlyForDeploymentPostprocessing = 0;
		};
		E2B375A71B2CF39B000C9481 /* Frameworks */ = {
			isa = PBXFrameworksBuildPhase;
			buildActionMask = 2147483647;
			files = (
			);
			runOnlyForDeploymentPostprocessing = 0;
		};
/* End PBXFrameworksBuildPhase section */

/* Begin PBXGroup section */
		E2B3758C1B2CF39B000C9481 = {
			isa = PBXGroup;
			children = (
				E2B375971B2CF39B000C9481 /* simpleFreeboxRemoteController */,
				E2B375AD1B2CF39B000C9481 /* simpleFreeboxRemoteControllerTests */,
				E2B375961B2CF39B000C9481 /* Products */,
			);
			sourceTree = "<group>";
		};
		E2B375961B2CF39B000C9481 /* Products */ = {
			isa = PBXGroup;
			children = (
				E2B375951B2CF39B000C9481 /* simpleFreeboxRemoteController.app */,
				E2B375AA1B2CF39B000C9481 /* simpleFreeboxRemoteControllerTests.xctest */,
			);
			name = Products;
			sourceTree = "<group>";
		};
		E2B375971B2CF39B000C9481 /* simpleFreeboxRemoteController */ = {
			isa = PBXGroup;
			children = (
				E2B3759A1B2CF39B000C9481 /* AppDelegate.swift */,
				E2B375A11B2CF39B000C9481 /* Images.xcassets */,
				E2B375BA1B2CF3CF000C9481 /* LaunchScreen.xib */,
				E2B375C31B2CF42C000C9481 /* move_to_previous.png */,
				E2B375C41B2CF42C000C9481 /* Move_to_the_next_page_symbol_512.png */,
				E2B375C01B2CF3EF000C9481 /* Tools */,
				E2B375BE1B2CF3DF000C9481 /* ViewController.swift */,
				E2B375BB1B2CF3CF000C9481 /* Main.storyboard */,
				E2B375981B2CF39B000C9481 /* Supporting Files */,
			);
			path = simpleFreeboxRemoteController;
			sourceTree = "<group>";
		};
		E2B375981B2CF39B000C9481 /* Supporting Files */ = {
			isa = PBXGroup;
			children = (
				E2B375C91B2CF5A2000C9481 /* Info.plist */,
			);
			name = "Supporting Files";
			sourceTree = "<group>";
		};
		E2B375AD1B2CF39B000C9481 /* simpleFreeboxRemoteControllerTests */ = {
			isa = PBXGroup;
			children = (
				E2B375B01B2CF39B000C9481 /* simpleFreeboxRemoteControllerTests.swift */,
				E2B375AE1B2CF39B000C9481 /* Supporting Files */,
			);
			path = simpleFreeboxRemoteControllerTests;
			sourceTree = "<group>";
		};
		E2B375AE1B2CF39B000C9481 /* Supporting Files */ = {
			isa = PBXGroup;
			children = (
				E2B375AF1B2CF39B000C9481 /* Info.plist */,
			);
			name = "Supporting Files";
			sourceTree = "<group>";
		};
		E2B375C01B2CF3EF000C9481 /* Tools */ = {
			isa = PBXGroup;
			children = (
				E2B375C11B2CF3F8000C9481 /* FreeboxTVController.swift */,
			);
			name = Tools;
			sourceTree = "<group>";
		};
/* End PBXGroup section */

/* Begin PBXNativeTarget section */
		E2B375941B2CF39B000C9481 /* simpleFreeboxRemoteController */ = {
			isa = PBXNativeTarget;
			buildConfigurationList = E2B375B41B2CF39B000C9481 /* Build configuration list for PBXNativeTarget "simpleFreeboxRemoteController" */;
			buildPhases = (
				E2B375911B2CF39B000C9481 /* Sources */,
				E2B375921B2CF39B000C9481 /* Frameworks */,
				E2B375931B2CF39B000C9481 /* Resources */,
			);
			buildRules = (
			);
			dependencies = (
			);
			name = simpleFreeboxRemoteController;
			productName = simpleFreeboxRemoteController;
			productReference = E2B375951B2CF39B000C9481 /* simpleFreeboxRemoteController.app */;
			productType = "com.apple.product-type.application";
		};
		E2B375A91B2CF39B000C9481 /* simpleFreeboxRemoteControllerTests */ = {
			isa = PBXNativeTarget;
			buildConfigurationList = E2B375B71B2CF39B000C9481 /* Build configuration list for PBXNativeTarget "simpleFreeboxRemoteControllerTests" */;
			buildPhases = (
				E2B375A61B2CF39B000C9481 /* Sources */,
				E2B375A71B2CF39B000C9481 /* Frameworks */,
				E2B375A81B2CF39B000C9481 /* Resources */,
			);
			buildRules = (
			);
			dependencies = (
				E2B375AC1B2CF39B000C9481 /* PBXTargetDependency */,
			);
			name = simpleFreeboxRemoteControllerTests;
			productName = simpleFreeboxRemoteControllerTests;
			productReference = E2B375AA1B2CF39B000C9481 /* simpleFreeboxRemoteControllerTests.xctest */;
			productType = "com.apple.product-type.bundle.unit-test";
		};
/* End PBXNativeTarget section */

/* Begin PBXProject section */
		E2B3758D1B2CF39B000C9481 /* Project object */ = {
			isa = PBXProject;
			attributes = {
				LastUpgradeCheck = 0630;
				ORGANIZATIONNAME = "Thomas Munoz";
				TargetAttributes = {
					E2B375941B2CF39B000C9481 = {
						CreatedOnToolsVersion = 6.3.2;
					};
					E2B375A91B2CF39B000C9481 = {
						CreatedOnToolsVersion = 6.3.2;
						TestTargetID = E2B375941B2CF39B000C9481;
					};
				};
			};
			buildConfigurationList = E2B375901B2CF39B000C9481 /* Build configuration list for PBXProject "simpleFreeboxRemoteController" */;
			compatibilityVersion = "Xcode 3.2";
			developmentRegion = English;
			hasScannedForEncodings = 0;
			knownRegions = (
				en,
				Base,
			);
			mainGroup = E2B3758C1B2CF39B000C9481;
			productRefGroup = E2B375961B2CF39B000C9481 /* Products */;
			projectDirPath = "";
			projectRoot = "";
			targets = (
				E2B375941B2CF39B000C9481 /* simpleFreeboxRemoteController */,
				E2B375A91B2CF39B000C9481 /* simpleFreeboxRemoteControllerTests */,
			);
		};
/* End PBXProject section */

/* Begin PBXResourcesBuildPhase section */
		E2B375931B2CF39B000C9481 /* Resources */ = {
			isa = PBXResourcesBuildPhase;
			buildActionMask = 2147483647;
			files = (
				E2B375C51B2CF42C000C9481 /* move_to_previous.png in Resources */,
				E2B375BD1B2CF3CF000C9481 /* Main.storyboard in Resources */,
				E2B375CA1B2CF5A2000C9481 /* Info.plist in Resources */,
				E2B375C61B2CF42C000C9481 /* Move_to_the_next_page_symbol_512.png in Resources */,
				E2B375BC1B2CF3CF000C9481 /* LaunchScreen.xib in Resources */,
				E2B375A21B2CF39B000C9481 /* Images.xcassets in Resources */,
			);
			runOnlyForDeploymentPostprocessing = 0;
		};
		E2B375A81B2CF39B000C9481 /* Resources */ = {
			isa = PBXResourcesBuildPhase;
			buildActionMask = 2147483647;
			files = (
			);
			runOnlyForDeploymentPostprocessing = 0;
		};
/* End PBXResourcesBuildPhase section */

/* Begin PBXSourcesBuildPhase section */
		E2B375911B2CF39B000C9481 /* Sources */ = {
			isa = PBXSourcesBuildPhase;
			buildActionMask = 2147483647;
			files = (
				E2B375BF1B2CF3DF000C9481 /* ViewController.swift in Sources */,
				E2B375C21B2CF3F8000C9481 /* FreeboxTVController.swift in Sources */,
				E2B3759B1B2CF39B000C9481 /* AppDelegate.swift in Sources */,
			);
			runOnlyForDeploymentPostprocessing = 0;
		};
		E2B375A61B2CF39B000C9481 /* Sources */ = {
			isa = PBXSourcesBuildPhase;
			buildActionMask = 2147483647;
			files = (
				E2B375B11B2CF39B000C9481 /* simpleFreeboxRemoteControllerTests.swift in Sources */,
			);
			runOnlyForDeploymentPostprocessing = 0;
		};
/* End PBXSourcesBuildPhase section */

/* Begin PBXTargetDependency section */
		E2B375AC1B2CF39B000C9481 /* PBXTargetDependency */ = {
			isa = PBXTargetDependency;
			target = E2B375941B2CF39B000C9481 /* simpleFreeboxRemoteController */;
			targetProxy = E2B375AB1B2CF39B000C9481 /* PBXContainerItemProxy */;
		};
/* End PBXTargetDependency section */

/* Begin XCBuildConfiguration section */
		E2B375B21B2CF39B000C9481 /* Debug */ = {
			isa = XCBuildConfiguration;
			buildSettings = {
				ALWAYS_SEARCH_USER_PATHS = NO;
				CLANG_CXX_LANGUAGE_STANDARD = "gnu++0x";
				CLANG_CXX_LIBRARY = "libc++";
				CLANG_ENABLE_MODULES = YES;
				CLANG_ENABLE_OBJC_ARC = YES;
				CLANG_WARN_BOOL_CONVERSION = YES;
				CLANG_WARN_CONSTANT_CONVERSION = YES;
				CLANG_WARN_DIRECT_OBJC_ISA_USAGE = YES_ERROR;
				CLANG_WARN_EMPTY_BODY = YES;
				CLANG_WARN_ENUM_CONVERSION = YES;
				CLANG_WARN_INT_CONVERSION = YES;
				CLANG_WARN_OBJC_ROOT_CLASS = YES_ERROR;
				CLANG_WARN_UNREACHABLE_CODE = YES;
				CLANG_WARN__DUPLICATE_METHOD_MATCH = YES;
				"CODE_SIGN_IDENTITY[sdk=iphoneos*]" = "iPhone Developer";
				COPY_PHASE_STRIP = NO;
				DEBUG_INFORMATION_FORMAT = "dwarf-with-dsym";
				ENABLE_STRICT_OBJC_MSGSEND = YES;
				GCC_C_LANGUAGE_STANDARD = gnu99;
				GCC_DYNAMIC_NO_PIC = NO;
				GCC_NO_COMMON_BLOCKS = YES;
				GCC_OPTIMIZATION_LEVEL = 0;
				GCC_PREPROCESSOR_DEFINITIONS = (
					"DEBUG=1",
					"$(inherited)",
				);
				GCC_SYMBOLS_PRIVATE_EXTERN = NO;
				GCC_WARN_64_TO_32_BIT_CONVERSION = YES;
				GCC_WARN_ABOUT_RETURN_TYPE = YES_ERROR;
				GCC_WARN_UNDECLARED_SELECTOR = YES;
				GCC_WARN_UNINITIALIZED_AUTOS = YES_AGGRESSIVE;
				GCC_WARN_UNUSED_FUNCTION = YES;
				GCC_WARN_UNUSED_VARIABLE = YES;
				IPHONEOS_DEPLOYMENT_TARGET = 8.3;
				MTL_ENABLE_DEBUG_INFO = YES;
				ONLY_ACTIVE_ARCH = YES;
				SDKROOT = iphoneos;
				SWIFT_OPTIMIZATION_LEVEL = "-Onone";
			};
			name = Debug;
		};
		E2B375B31B2CF39B000C9481 /* Release */ = {
			isa = XCBuildConfiguration;
			buildSettings = {
				ALWAYS_SEARCH_USER_PATHS = NO;
				CLANG_CXX_LANGUAGE_STANDARD = "gnu++0x";
				CLANG_CXX_LIBRARY = "libc++";
				CLANG_ENABLE_MODULES = YES;
				CLANG_ENABLE_OBJC_ARC = YES;
				CLANG_WARN_BOOL_CONVERSION = YES;
				CLANG_WARN_CONSTANT_CONVERSION = YES;
				CLANG_WARN_DIRECT_OBJC_ISA_USAGE = YES_ERROR;
				CLANG_WARN_EMPTY_BODY = YES;
				CLANG_WARN_ENUM_CONVERSION = YES;
				CLANG_WARN_INT_CONVERSION = YES;
				CLANG_WARN_OBJC_ROOT_CLASS = YES_ERROR;
				CLANG_WARN_UNREACHABLE_CODE = YES;
				CLANG_WARN__DUPLICATE_METHOD_MATCH = YES;
				"CODE_SIGN_IDENTITY[sdk=iphoneos*]" = "iPhone Developer";
				COPY_PHASE_STRIP = NO;
				DEBUG_INFORMATION_FORMAT = "dwarf-with-dsym";
				ENABLE_NS_ASSERTIONS = NO;
				ENABLE_STRICT_OBJC_MSGSEND = YES;
				GCC_C_LANGUAGE_STANDARD = gnu99;
				GCC_NO_COMMON_BLOCKS = YES;
				GCC_WARN_64_TO_32_BIT_CONVERSION = YES;
				GCC_WARN_ABOUT_RETURN_TYPE = YES_ERROR;
				GCC_WARN_UNDECLARED_SELECTOR = YES;
				GCC_WARN_UNINITIALIZED_AUTOS = YES_AGGRESSIVE;
				GCC_WARN_UNUSED_FUNCTION = YES;
				GCC_WARN_UNUSED_VARIABLE = YES;
				IPHONEOS_DEPLOYMENT_TARGET = 8.3;
				MTL_ENABLE_DEBUG_INFO = NO;
				SDKROOT = iphoneos;
				VALIDATE_PRODUCT = YES;
			};
			name = Release;
		};
		E2B375B51B2CF39B000C9481 /* Debug */ = {
			isa = XCBuildConfiguration;
			buildSettings = {
				ASSETCATALOG_COMPILER_APPICON_NAME = AppIcon;
				INFOPLIST_FILE = simpleFreeboxRemoteController/Info.plist;
				LD_RUNPATH_SEARCH_PATHS = "$(inherited) @executable_path/Frameworks";
				PRODUCT_NAME = "$(TARGET_NAME)";
			};
			name = Debug;
		};
		E2B375B61B2CF39B000C9481 /* Release */ = {
			isa = XCBuildConfiguration;
			buildSettings = {
				ASSETCATALOG_COMPILER_APPICON_NAME = AppIcon;
				INFOPLIST_FILE = simpleFreeboxRemoteController/Info.plist;
				LD_RUNPATH_SEARCH_PATHS = "$(inherited) @executable_path/Frameworks";
				PRODUCT_NAME = "$(TARGET_NAME)";
			};
			name = Release;
		};
		E2B375B81B2CF39B000C9481 /* Debug */ = {
			isa = XCBuildConfiguration;
			buildSettings = {
				BUNDLE_LOADER = "$(TEST_HOST)";
				FRAMEWORK_SEARCH_PATHS = (
					"$(SDKROOT)/Developer/Library/Frameworks",
					"$(inherited)",
				);
				GCC_PREPROCESSOR_DEFINITIONS = (
					"DEBUG=1",
					"$(inherited)",
				);
				INFOPLIST_FILE = simpleFreeboxRemoteControllerTests/Info.plist;
				LD_RUNPATH_SEARCH_PATHS = "$(inherited) @executable_path/Frameworks @loader_path/Frameworks";
				PRODUCT_NAME = "$(TARGET_NAME)";
				TEST_HOST = "$(BUILT_PRODUCTS_DIR)/simpleFreeboxRemoteController.app/simpleFreeboxRemoteController";
			};
			name = Debug;
		};
		E2B375B91B2CF39B000C9481 /* Release */ = {
			isa = XCBuildConfiguration;
			buildSettings = {
				BUNDLE_LOADER = "$(TEST_HOST)";
				FRAMEWORK_SEARCH_PATHS = (
					"$(SDKROOT)/Developer/Library/Frameworks",
					"$(inherited)",
				);
				INFOPLIST_FILE = simpleFreeboxRemoteControllerTests/Info.plist;
				LD_RUNPATH_SEARCH_PATHS = "$(inherited) @executable_path/Frameworks @loader_path/Frameworks";
				PRODUCT_NAME = "$(TARGET_NAME)";
				TEST_HOST = "$(BUILT_PRODUCTS_DIR)/simpleFreeboxRemoteController.app/simpleFreeboxRemoteController";
			};
			name = Release;
		};
/* End XCBuildConfiguration section */

/* Begin XCConfigurationList section */
		E2B375901B2CF39B000C9481 /* Build configuration list for PBXProject "simpleFreeboxRemoteController" */ = {
			isa = XCConfigurationList;
			buildConfigurations = (
				E2B375B21B2CF39B000C9481 /* Debug */,
				E2B375B31B2CF39B000C9481 /* Release */,
			);
			defaultConfigurationIsVisible = 0;
			defaultConfigurationName = Release;
		};
		E2B375B41B2CF39B000C9481 /* Build configuration list for PBXNativeTarget "simpleFreeboxRemoteController" */ = {
			isa = XCConfigurationList;
			buildConfigurations = (
				E2B375B51B2CF39B000C9481 /* Debug */,
				E2B375B61B2CF39B000C9481 /* Release */,
			);
			defaultConfigurationIsVisible = 0;
			defaultConfigurationName = Release;
		};
		E2B375B71B2CF39B000C9481 /* Build configuration list for PBXNativeTarget "simpleFreeboxRemoteControllerTests" */ = {
			isa = XCConfigurationList;
			buildConfigurations = (
				E2B375B81B2CF39B000C9481 /* Debug */,
				E2B375B91B2CF39B000C9481 /* Release */,
			);
			defaultConfigurationIsVisible = 0;
			defaultConfigurationName = Release;
		};
/* End XCConfigurationList section */
	};
	rootObject = E2B3758D1B2CF39B000C9481 /* Project object */;
}
